
Microsoft Visual Studio Solution File, Format Version 12.00
# Visual Studio 15
VisualStudioVersion = 15.0.28010.2046
MinimumVisualStudioVersion = 10.0.40219.1
Project("{FAE04EC0-301F-11D3-BF4B-00C04F79EFBC}") = "Projekt bazy", "Projekt bazy\Projekt bazy.csproj", "{1DE3DA14-F9F8-4AD1-A390-A96C3F9FED91}"
EndProject
Global
	GlobalSection(SolutionConfigurationPlatforms) = preSolution
		Debug|Any CPU = Debug|Any CPU
		Release|Any CPU = Release|Any CPU
	EndGlobalSection
	GlobalSection(ProjectConfigurationPlatforms) = postSolution
		{1DE3DA14-F9F8-4AD1-A390-A96C3F9FED91}.Debug|Any CPU.ActiveCfg = Debug|Any CPU
		{1DE3DA14-F9F8-4AD1-A390-A96C3F9FED91}.Debug|Any CPU.Build.0 = Debug|Any CPU
		{1DE3DA14-F9F8-4AD1-A390-A96C3F9FED91}.Release|Any CPU.ActiveCfg = Release|Any CPU
		{1DE3DA14-F9F8-4AD1-A390-A96C3F9FED91}.Release|Any CPU.Build.0 = Release|Any CPU
	EndGlobalSection
	GlobalSection(SolutionProperties) = preSolution
		HideSolutionNode = FALSE
	EndGlobalSection
	GlobalSection(ExtensibilityGlobals) = postSolution
		SolutionGuid = {98BD8E4D-A778-408A-A6C2-B13857E71C42}
	EndGlobalSection
EndGlobal
